
Microsoft Visual Studio Solution File, Format Version 12.00
# Visual Studio Version 16
VisualStudioVersion = 16.0.32228.343
MinimumVisualStudioVersion = 10.0.40219.1
Project("{FAE04EC0-301F-11D3-BF4B-00C04F79EFBC}") = "931903YastrAnastasia_Web1", "931903YastrAnastasia_Web1\931903YastrAnastasia_Web1.csproj", "{7E3F1D01-5E94-42A9-B757-7B608D08268E}"
EndProject
Global
	GlobalSection(SolutionConfigurationPlatforms) = preSolution
		Debug|Any CPU = Debug|Any CPU
		Release|Any CPU = Release|Any CPU
	EndGlobalSection
	GlobalSection(ProjectConfigurationPlatforms) = postSolution
		{7E3F1D01-5E94-42A9-B757-7B608D08268E}.Debug|Any CPU.ActiveCfg = Debug|Any CPU
		{7E3F1D01-5E94-42A9-B757-7B608D08268E}.Debug|Any CPU.Build.0 = Debug|Any CPU
		{7E3F1D01-5E94-42A9-B757-7B608D08268E}.Release|Any CPU.ActiveCfg = Release|Any CPU
		{7E3F1D01-5E94-42A9-B757-7B608D08268E}.Release|Any CPU.Build.0 = Release|Any CPU
	EndGlobalSection
	GlobalSection(SolutionProperties) = preSolution
		HideSolutionNode = FALSE
	EndGlobalSection
	GlobalSection(ExtensibilityGlobals) = postSolution
		SolutionGuid = {6182FC62-8CE4-41F1-A355-0A0628978C41}
	EndGlobalSection
EndGlobal
